
Microsoft Visual Studio Solution File, Format Version 12.00
# Visual Studio 14
VisualStudioVersion = 14.0.25420.1
MinimumVisualStudioVersion = 10.0.40219.1
Project("{FAE04EC0-301F-11D3-BF4B-00C04F79EFBC}") = "IntegracaoDadosUsuario.WS", "IntegracaoDadosUsuario.WS\IntegracaoDadosUsuario.WS.csproj", "{74A133CF-57D6-4776-9DB3-05A5F61948C7}"
EndProject
Project("{FAE04EC0-301F-11D3-BF4B-00C04F79EFBC}") = "IntegracaoDadosUsuario.Dominio", "IntegracaoDadosUsuario.Dominio\IntegracaoDadosUsuario.Dominio.csproj", "{E18931E8-AE7C-4E55-BECC-785AE740CCA8}"
EndProject
Project("{FAE04EC0-301F-11D3-BF4B-00C04F79EFBC}") = "IntegracaoDadosUsuario.Query", "IntegracaoDadosUsuario.Query\IntegracaoDadosUsuario.Query.csproj", "{5BBCD554-FEA8-4D08-A312-BDB7E507755B}"
EndProject
Project("{FAE04EC0-301F-11D3-BF4B-00C04F79EFBC}") = "IntegracaoDadosUsuario.Infraestrutura", "IntegracaoDadosUsuario.Infraestrutura\IntegracaoDadosUsuario.Infraestrutura.csproj", "{C538356C-E7ED-4E1B-B924-1388D2132DA2}"
EndProject
Project("{FAE04EC0-301F-11D3-BF4B-00C04F79EFBC}") = "IntegracaoDadosUsuario.DTO", "IntegracaoDadosUsuario.DTO\IntegracaoDadosUsuario.DTO.csproj", "{75C3585A-47EB-4CF4-A6FB-9535BF6FDD59}"
EndProject
Project("{2150E333-8FDC-42A3-9474-1A3956D46DE8}") = "Dependencias", "Dependencias", "{A15A05C6-D962-44EF-9CFE-87F3BCED4260}"
	ProjectSection(SolutionItems) = preProject
		Dependencias\Oracle.DataAccess.dll = Dependencias\Oracle.DataAccess.dll
	EndProjectSection
EndProject
Project("{2150E333-8FDC-42A3-9474-1A3956D46DE8}") = "BancoDeDados", "BancoDeDados", "{A16CB9EE-06B5-453E-B673-224CAEF3F527}"
	ProjectSection(SolutionItems) = preProject
		BancoDeDados\Criação Banco.sql = BancoDeDados\Criação Banco.sql
	EndProjectSection
EndProject
Global
	GlobalSection(SolutionConfigurationPlatforms) = preSolution
		Debug|Any CPU = Debug|Any CPU
		Release|Any CPU = Release|Any CPU
	EndGlobalSection
	GlobalSection(ProjectConfigurationPlatforms) = postSolution
		{74A133CF-57D6-4776-9DB3-05A5F61948C7}.Debug|Any CPU.ActiveCfg = Debug|Any CPU
		{74A133CF-57D6-4776-9DB3-05A5F61948C7}.Debug|Any CPU.Build.0 = Debug|Any CPU
		{74A133CF-57D6-4776-9DB3-05A5F61948C7}.Release|Any CPU.ActiveCfg = Release|Any CPU
		{74A133CF-57D6-4776-9DB3-05A5F61948C7}.Release|Any CPU.Build.0 = Release|Any CPU
		{E18931E8-AE7C-4E55-BECC-785AE740CCA8}.Debug|Any CPU.ActiveCfg = Debug|Any CPU
		{E18931E8-AE7C-4E55-BECC-785AE740CCA8}.Debug|Any CPU.Build.0 = Debug|Any CPU
		{E18931E8-AE7C-4E55-BECC-785AE740CCA8}.Release|Any CPU.ActiveCfg = Release|Any CPU
		{E18931E8-AE7C-4E55-BECC-785AE740CCA8}.Release|Any CPU.Build.0 = Release|Any CPU
		{5BBCD554-FEA8-4D08-A312-BDB7E507755B}.Debug|Any CPU.ActiveCfg = Debug|Any CPU
		{5BBCD554-FEA8-4D08-A312-BDB7E507755B}.Debug|Any CPU.Build.0 = Debug|Any CPU
		{5BBCD554-FEA8-4D08-A312-BDB7E507755B}.Release|Any CPU.ActiveCfg = Release|Any CPU
		{5BBCD554-FEA8-4D08-A312-BDB7E507755B}.Release|Any CPU.Build.0 = Release|Any CPU
		{C538356C-E7ED-4E1B-B924-1388D2132DA2}.Debug|Any CPU.ActiveCfg = Debug|Any CPU
		{C538356C-E7ED-4E1B-B924-1388D2132DA2}.Debug|Any CPU.Build.0 = Debug|Any CPU
		{C538356C-E7ED-4E1B-B924-1388D2132DA2}.Release|Any CPU.ActiveCfg = Release|Any CPU
		{C538356C-E7ED-4E1B-B924-1388D2132DA2}.Release|Any CPU.Build.0 = Release|Any CPU
		{75C3585A-47EB-4CF4-A6FB-9535BF6FDD59}.Debug|Any CPU.ActiveCfg = Debug|Any CPU
		{75C3585A-47EB-4CF4-A6FB-9535BF6FDD59}.Debug|Any CPU.Build.0 = Debug|Any CPU
		{75C3585A-47EB-4CF4-A6FB-9535BF6FDD59}.Release|Any CPU.ActiveCfg = Release|Any CPU
		{75C3585A-47EB-4CF4-A6FB-9535BF6FDD59}.Release|Any CPU.Build.0 = Release|Any CPU
	EndGlobalSection
	GlobalSection(SolutionProperties) = preSolution
		HideSolutionNode = FALSE
	EndGlobalSection
	GlobalSection(ExtensibilityGlobals) = postSolution
		SolutionGuid = {B02D0F3E-2E94-4FF8-BFEB-14E9483A459E}
	EndGlobalSection
EndGlobal
